
Microsoft Visual Studio Solution File, Format Version 12.00
# Visual Studio Version 17
VisualStudioVersion = 17.5.002.0
MinimumVisualStudioVersion = 10.0.40219.1
Project("{9A19103F-16F7-4668-BE54-9A1E7A4F7556}") = "ECommerceMVC", "ECommerceMVC.csproj", "{BD205FA4-C161-4982-BA61-D817FD0B6EF6}"
EndProject
Global
	GlobalSection(SolutionConfigurationPlatforms) = preSolution
		Debug|Any CPU = Debug|Any CPU
		Release|Any CPU = Release|Any CPU
	EndGlobalSection
	GlobalSection(ProjectConfigurationPlatforms) = postSolution
		{BD205FA4-C161-4982-BA61-D817FD0B6EF6}.Debug|Any CPU.ActiveCfg = Debug|Any CPU
		{BD205FA4-C161-4982-BA61-D817FD0B6EF6}.Debug|Any CPU.Build.0 = Debug|Any CPU
		{BD205FA4-C161-4982-BA61-D817FD0B6EF6}.Release|Any CPU.ActiveCfg = Release|Any CPU
		{BD205FA4-C161-4982-BA61-D817FD0B6EF6}.Release|Any CPU.Build.0 = Release|Any CPU
	EndGlobalSection
	GlobalSection(SolutionProperties) = preSolution
		HideSolutionNode = FALSE
	EndGlobalSection
	GlobalSection(ExtensibilityGlobals) = postSolution
		SolutionGuid = {04DEADA4-196D-4232-839C-3788A62A9E55}
	EndGlobalSection
EndGlobal
